
Microsoft Visual Studio Solution File, Format Version 12.00
# Visual Studio Version 16
VisualStudioVersion = 16.0.31702.278
MinimumVisualStudioVersion = 10.0.40219.1
Project("{FAE04EC0-301F-11D3-BF4B-00C04F79EFBC}") = "Appoinment_Schedule", "Appoinment_Schedule.csproj", "{1FABE25D-CFD6-406C-B43E-338B74EA891F}"
EndProject
Global
	GlobalSection(SolutionConfigurationPlatforms) = preSolution
		Debug|Any CPU = Debug|Any CPU
		Release|Any CPU = Release|Any CPU
	EndGlobalSection
	GlobalSection(ProjectConfigurationPlatforms) = postSolution
		{1FABE25D-CFD6-406C-B43E-338B74EA891F}.Debug|Any CPU.ActiveCfg = Debug|Any CPU
		{1FABE25D-CFD6-406C-B43E-338B74EA891F}.Debug|Any CPU.Build.0 = Debug|Any CPU
		{1FABE25D-CFD6-406C-B43E-338B74EA891F}.Release|Any CPU.ActiveCfg = Release|Any CPU
		{1FABE25D-CFD6-406C-B43E-338B74EA891F}.Release|Any CPU.Build.0 = Release|Any CPU
	EndGlobalSection
	GlobalSection(SolutionProperties) = preSolution
		HideSolutionNode = FALSE
	EndGlobalSection
	GlobalSection(ExtensibilityGlobals) = postSolution
		SolutionGuid = {1C1F088F-B66C-4389-BD9B-2501E618491A}
	EndGlobalSection
EndGlobal
